
Microsoft Visual Studio Solution File, Format Version 12.00
# Visual Studio Version 17
VisualStudioVersion = 17.12.35707.178
MinimumVisualStudioVersion = 10.0.40219.1
Project("{2150E333-8FDC-42A3-9474-1A3956D46DE8}") = "01. Clients", "01. Clients", "{FD6069FD-7355-4450-B2D8-08BD6DDB3A41}"
EndProject
Project("{2150E333-8FDC-42A3-9474-1A3956D46DE8}") = "02. Api.Gateways", "02. Api.Gateways", "{99714845-AD3B-41EC-9A52-E3C2A4931F99}"
EndProject
Project("{2150E333-8FDC-42A3-9474-1A3956D46DE8}") = "03. Services", "03. Services", "{11C0BB15-A907-47DE-B4FB-CE3D4BF3657D}"
EndProject
Project("{2150E333-8FDC-42A3-9474-1A3956D46DE8}") = "01. Identity", "01. Identity", "{A75E4001-6342-498D-AA7E-A26855B889C1}"
EndProject
Project("{2150E333-8FDC-42A3-9474-1A3956D46DE8}") = "02. Catalog", "02. Catalog", "{60E1D492-D0E0-4496-9479-C5CA2AE7CAC9}"
EndProject
Project("{2150E333-8FDC-42A3-9474-1A3956D46DE8}") = "03. Customer", "03. Customer", "{E6B64CF6-2378-46F5-A770-0592BA558F7F}"
EndProject
Project("{2150E333-8FDC-42A3-9474-1A3956D46DE8}") = "04. Order", "04. Order", "{20D8E9F6-83F3-4833-B760-B63812739AC6}"
EndProject
Project("{2150E333-8FDC-42A3-9474-1A3956D46DE8}") = "05. Shared", "05. Shared", "{71708025-9DFE-4867-997E-9084942A8ED3}"
EndProject
Project("{2150E333-8FDC-42A3-9474-1A3956D46DE8}") = "01. Api", "01. Api", "{CAF6F08C-65B3-42F3-8CB8-92F0059AB112}"
EndProject
Project("{2150E333-8FDC-42A3-9474-1A3956D46DE8}") = "02. Services", "02. Services", "{B7F7D667-B179-41D6-8FC3-A88208E623A9}"
EndProject
Project("{2150E333-8FDC-42A3-9474-1A3956D46DE8}") = "03. Persistence", "03. Persistence", "{76D0E3D5-0CDE-4056-ADA1-707948D09BCA}"
EndProject
Project("{2150E333-8FDC-42A3-9474-1A3956D46DE8}") = "04. Models", "04. Models", "{BD608161-5B15-407C-B616-6C4BEED208FF}"
EndProject
Project("{2150E333-8FDC-42A3-9474-1A3956D46DE8}") = "05. Shared", "05. Shared", "{4FE530B9-6983-42A2-B23C-069E8EC8CD51}"
EndProject
Project("{2150E333-8FDC-42A3-9474-1A3956D46DE8}") = "06. Tests", "06. Tests", "{DAF6F4BD-5C62-434E-8302-D889FF67839C}"
EndProject
Project("{FAE04EC0-301F-11D3-BF4B-00C04F79EFBC}") = "Catalog.Api", "src\Services\Catalog\Catalog.Api\Catalog.Api.csproj", "{F21C755E-E711-468B-9B9F-A239D4B879F7}"
EndProject
Project("{FAE04EC0-301F-11D3-BF4B-00C04F79EFBC}") = "Catalog.Domain", "src\Services\Catalog\Catalog.Domain\Catalog.Domain.csproj", "{41A96715-7879-421E-BB3B-AC6396E71158}"
EndProject
Project("{FAE04EC0-301F-11D3-BF4B-00C04F79EFBC}") = "Catalog.Persistence.Database", "src\Services\Catalog\Catalog.Persistence.Database\Catalog.Persistence.Database.csproj", "{FFB6B3BB-69D1-4C1D-881B-C309846C26E3}"
EndProject
Project("{FAE04EC0-301F-11D3-BF4B-00C04F79EFBC}") = "Catalog.Service.Queries", "src\Services\Catalog\Catalog.Service.Queries\Catalog.Service.Queries.csproj", "{F7B224D4-CC96-4756-88C0-3BA47B5F0B81}"
EndProject
Project("{FAE04EC0-301F-11D3-BF4B-00C04F79EFBC}") = "Service.Shared.Utils", "src\Services\Shared\Service.Shared.Utils\Service.Shared.Utils.csproj", "{A9CB8244-F10A-494E-A8D4-6756089103E9}"
EndProject
Project("{FAE04EC0-301F-11D3-BF4B-00C04F79EFBC}") = "Catalog.Service.EventHandlers", "src\Services\Catalog\Catalog.Service.EventHandlers\Catalog.Service.EventHandlers.csproj", "{44AB3B6B-0914-4E32-834B-4DB1E928265B}"
EndProject
Project("{FAE04EC0-301F-11D3-BF4B-00C04F79EFBC}") = "Catalog.Shared", "src\Services\Catalog\Catalog.Shared\Catalog.Shared.csproj", "{4170429A-E4FF-4C70-8443-1972EEF608E4}"
EndProject
Project("{FAE04EC0-301F-11D3-BF4B-00C04F79EFBC}") = "Service.Shared.Logging", "src\Services\Shared\Service.Shared.Logging\Service.Shared.Logging.csproj", "{D76EE123-3A24-4289-932F-CE1841E5DFA6}"
EndProject
Project("{FAE04EC0-301F-11D3-BF4B-00C04F79EFBC}") = "Catalog.Tests", "src\Services\Catalog\Catalog.Tests\Catalog.Tests.csproj", "{3F974817-8E89-417A-A7A1-976BA97634A0}"
EndProject
Project("{2150E333-8FDC-42A3-9474-1A3956D46DE8}") = "01. Api", "01. Api", "{E236296A-D3F9-44D9-9415-FBDC95AEAA6C}"
EndProject
Project("{2150E333-8FDC-42A3-9474-1A3956D46DE8}") = "02. Services", "02. Services", "{4FB02782-D342-49AB-86A4-24131AA4D622}"
EndProject
Project("{2150E333-8FDC-42A3-9474-1A3956D46DE8}") = "03. Persistence", "03. Persistence", "{1354FA72-C2F9-4E6D-BD44-D5F77EFE4FD8}"
EndProject
Project("{2150E333-8FDC-42A3-9474-1A3956D46DE8}") = "04. Models", "04. Models", "{758D08BF-F66E-40E9-9391-9BE9120F556A}"
EndProject
Project("{FAE04EC0-301F-11D3-BF4B-00C04F79EFBC}") = "Customer.Api", "src\Services\Customer\Customer.Api\Customer.Api.csproj", "{2AB409F1-26AE-4B65-8202-EB85B157EB9A}"
EndProject
Project("{FAE04EC0-301F-11D3-BF4B-00C04F79EFBC}") = "Customer.Domain", "src\Services\Customer\Customer.Domain\Customer.Domain.csproj", "{48FCC657-E34C-4F81-AB5D-C9A66FE38FEF}"
EndProject
Project("{2150E333-8FDC-42A3-9474-1A3956D46DE8}") = "01. Api", "01. Api", "{F245B620-6097-4D59-8AC7-C7B83313D8A3}"
EndProject
Project("{2150E333-8FDC-42A3-9474-1A3956D46DE8}") = "02. Services", "02. Services", "{4F5968E8-B8F0-4A3C-961C-F0CACFEEFDF8}"
EndProject
Project("{2150E333-8FDC-42A3-9474-1A3956D46DE8}") = "03. Persistence", "03. Persistence", "{3B89C566-8B67-49C2-B696-18FE24D015F9}"
EndProject
Project("{2150E333-8FDC-42A3-9474-1A3956D46DE8}") = "04. Models", "04. Models", "{D196D90A-2155-4F82-AC3E-9653E133898A}"
EndProject
Project("{FAE04EC0-301F-11D3-BF4B-00C04F79EFBC}") = "Order.Domain", "src\Services\Order\Order.Domain\Order.Domain.csproj", "{5080791D-B6D0-407A-BF94-CBCACECA22F1}"
EndProject
Project("{2150E333-8FDC-42A3-9474-1A3956D46DE8}") = "05. Shared", "05. Shared", "{3B242AFB-9FA8-4E06-86AC-A6B37AFAB24C}"
EndProject
Project("{FAE04EC0-301F-11D3-BF4B-00C04F79EFBC}") = "Order.Shared", "src\Services\Order\Order.Shared\Order.Shared.csproj", "{88F210ED-D657-48CE-9522-ED350C9B7BE1}"
EndProject
Project("{FAE04EC0-301F-11D3-BF4B-00C04F79EFBC}") = "Order.Api", "src\Services\Order\Order.Api\Order.Api.csproj", "{188BEFFB-E5A4-4D0A-A4D5-ECF572E9F83C}"
EndProject
Project("{FAE04EC0-301F-11D3-BF4B-00C04F79EFBC}") = "Order.Persistence.Database", "src\Services\Order\Order.Persistence.Database\Order.Persistence.Database.csproj", "{69A85030-3B1E-469A-BAF7-269A9781C4EE}"
EndProject
Project("{FAE04EC0-301F-11D3-BF4B-00C04F79EFBC}") = "Order.Service.EventHandlers", "src\Services\Order\Order.Service.EventHandlers\Order.Service.EventHandlers.csproj", "{3C1983C2-461C-4DA5-89B2-7B3FD585D996}"
EndProject
Project("{FAE04EC0-301F-11D3-BF4B-00C04F79EFBC}") = "Order.Service.Proxy", "src\Services\Order\Order.Service.Proxy\Order.Service.Proxy.csproj", "{C56FE487-2D94-4E2E-8F5A-A2138F21C1FE}"
EndProject
Project("{FAE04EC0-301F-11D3-BF4B-00C04F79EFBC}") = "Customer.Persistence.Database", "src\Services\Customer\Customer.Persistence.Database\Customer.Persistence.Database.csproj", "{4FDE2918-0AC6-42EF-9A62-64D84F5EE043}"
EndProject
Project("{FAE04EC0-301F-11D3-BF4B-00C04F79EFBC}") = "Customer.Service.EventHandlers", "src\Services\Customer\Customer.Service.EventHandlers\Customer.Service.EventHandlers.csproj", "{D193381E-4ED7-4CBC-9B4B-8FFF79C61907}"
EndProject
Project("{FAE04EC0-301F-11D3-BF4B-00C04F79EFBC}") = "Customer.Service.Queries", "src\Services\Customer\Customer.Service.Queries\Customer.Service.Queries.csproj", "{C8FAAC35-6152-487F-B050-893D5D6D58EE}"
EndProject
Project("{2150E333-8FDC-42A3-9474-1A3956D46DE8}") = "07. Listeners", "07. Listeners", "{9AF5B354-0A88-4B73-9F61-8CE59E82CDA9}"
EndProject
Project("{FAE04EC0-301F-11D3-BF4B-00C04F79EFBC}") = "Catalog.Listener", "src\Services\Catalog\Catalog.Listener\Catalog.Listener.csproj", "{62EAD1CC-816A-44C3-B7A4-DA0DB8BC7D40}"
EndProject
Project("{2150E333-8FDC-42A3-9474-1A3956D46DE8}") = "01. Api", "01. Api", "{6D3F34AC-0E64-4656-8070-1DDEDAF9FC8A}"
EndProject
Project("{2150E333-8FDC-42A3-9474-1A3956D46DE8}") = "02. Services", "02. Services", "{C82F5AB5-C53F-4FFE-BD0C-F854DD680393}"
EndProject
Project("{2150E333-8FDC-42A3-9474-1A3956D46DE8}") = "03. Persistence", "03. Persistence", "{874C705C-8AF3-4DE8-B5B6-675117180405}"
EndProject
Project("{2150E333-8FDC-42A3-9474-1A3956D46DE8}") = "04. Models", "04. Models", "{7C88EE14-6B7C-44A6-83DE-6E72FCC7751F}"
EndProject
Project("{FAE04EC0-301F-11D3-BF4B-00C04F79EFBC}") = "Identity.Domain", "src\Services\Identity\Identity.Domain\Identity.Domain.csproj", "{87FF5BF1-EE7C-4538-9411-CB1C118596A9}"
EndProject
Project("{FAE04EC0-301F-11D3-BF4B-00C04F79EFBC}") = "Identity.Persistence.Database", "src\Services\Identity\Identity.Persistence.Database\Identity.Persistence.Database.csproj", "{4F0461E9-622C-48F2-892E-FB85F12910B3}"
EndProject
Project("{FAE04EC0-301F-11D3-BF4B-00C04F79EFBC}") = "Identity.Api", "src\Services\Identity\Identity.Api\Identity.Api.csproj", "{79F82CEE-094C-4558-BD61-8A757B5C7EAF}"
EndProject
Project("{FAE04EC0-301F-11D3-BF4B-00C04F79EFBC}") = "Identity.Service.EventHandlers", "src\Services\Identity\Identity.Service.EventHandlers\Identity.Service.EventHandlers.csproj", "{4C67BE54-5EC9-4E8D-B84C-9F786DDF9544}"
EndProject
Project("{FAE04EC0-301F-11D3-BF4B-00C04F79EFBC}") = "Identity.Service.Queries", "src\Services\Identity\Identity.Service.Queries\Identity.Service.Queries.csproj", "{86D34CB3-59E9-4A30-9E60-C9E2D5A0C65F}"
EndProject
Project("{2150E333-8FDC-42A3-9474-1A3956D46DE8}") = "APIs", "APIs", "{69040D02-FEAB-4306-8998-57029731D5EE}"
EndProject
Project("{FAE04EC0-301F-11D3-BF4B-00C04F79EFBC}") = "Api.Gateway.WebClient", "src\Gateways\Api.Gateway.WebClient\Api.Gateway.WebClient.csproj", "{4D85CCE0-5FD6-4DC8-85B6-8E118A07E945}"
EndProject
Project("{FAE04EC0-301F-11D3-BF4B-00C04F79EFBC}") = "Api.Gateway.Models", "src\Gateways\Api.Gateway.Models\Api.Gateway.Models.csproj", "{DED9DEF5-0249-4298-A94F-4D32CB65E984}"
EndProject
Project("{FAE04EC0-301F-11D3-BF4B-00C04F79EFBC}") = "Api.Gateway.Proxies", "src\Gateways\Api.Gateway.Proxies\Api.Gateway.Proxies.csproj", "{F3D8E98B-5172-400B-AA59-3B10B8116FDF}"
EndProject
Project("{FAE04EC0-301F-11D3-BF4B-00C04F79EFBC}") = "Order.Service.Queries", "src\Services\Order\Order.Service.Queries\Order.Service.Queries.csproj", "{E439D6D2-9DE4-4252-8546-C4C9939CB2D5}"
EndProject
Project("{FAE04EC0-301F-11D3-BF4B-00C04F79EFBC}") = "Clients.Authentication", "src\Clients\Clients.Authentication\Clients.Authentication.csproj", "{D4F1401D-26E5-40A9-8A4E-F37CAC8FB865}"
EndProject
Project("{FAE04EC0-301F-11D3-BF4B-00C04F79EFBC}") = "Clients.WebClient", "src\Clients\Clients.WebClient\Clients.WebClient.csproj", "{2E788FC6-91A9-4038-A50A-D57A23CF9D87}"
EndProject
Global
	GlobalSection(SolutionConfigurationPlatforms) = preSolution
		Debug|Any CPU = Debug|Any CPU
		Release|Any CPU = Release|Any CPU
	EndGlobalSection
	GlobalSection(ProjectConfigurationPlatforms) = postSolution
		{F21C755E-E711-468B-9B9F-A239D4B879F7}.Debug|Any CPU.ActiveCfg = Debug|Any CPU
		{F21C755E-E711-468B-9B9F-A239D4B879F7}.Debug|Any CPU.Build.0 = Debug|Any CPU
		{F21C755E-E711-468B-9B9F-A239D4B879F7}.Release|Any CPU.ActiveCfg = Release|Any CPU
		{F21C755E-E711-468B-9B9F-A239D4B879F7}.Release|Any CPU.Build.0 = Release|Any CPU
		{41A96715-7879-421E-BB3B-AC6396E71158}.Debug|Any CPU.ActiveCfg = Debug|Any CPU
		{41A96715-7879-421E-BB3B-AC6396E71158}.Debug|Any CPU.Build.0 = Debug|Any CPU
		{41A96715-7879-421E-BB3B-AC6396E71158}.Release|Any CPU.ActiveCfg = Release|Any CPU
		{41A96715-7879-421E-BB3B-AC6396E71158}.Release|Any CPU.Build.0 = Release|Any CPU
		{FFB6B3BB-69D1-4C1D-881B-C309846C26E3}.Debug|Any CPU.ActiveCfg = Debug|Any CPU
		{FFB6B3BB-69D1-4C1D-881B-C309846C26E3}.Debug|Any CPU.Build.0 = Debug|Any CPU
		{FFB6B3BB-69D1-4C1D-881B-C309846C26E3}.Release|Any CPU.ActiveCfg = Release|Any CPU
		{FFB6B3BB-69D1-4C1D-881B-C309846C26E3}.Release|Any CPU.Build.0 = Release|Any CPU
		{F7B224D4-CC96-4756-88C0-3BA47B5F0B81}.Debug|Any CPU.ActiveCfg = Debug|Any CPU
		{F7B224D4-CC96-4756-88C0-3BA47B5F0B81}.Debug|Any CPU.Build.0 = Debug|Any CPU
		{F7B224D4-CC96-4756-88C0-3BA47B5F0B81}.Release|Any CPU.ActiveCfg = Release|Any CPU
		{F7B224D4-CC96-4756-88C0-3BA47B5F0B81}.Release|Any CPU.Build.0 = Release|Any CPU
		{A9CB8244-F10A-494E-A8D4-6756089103E9}.Debug|Any CPU.ActiveCfg = Debug|Any CPU
		{A9CB8244-F10A-494E-A8D4-6756089103E9}.Debug|Any CPU.Build.0 = Debug|Any CPU
		{A9CB8244-F10A-494E-A8D4-6756089103E9}.Release|Any CPU.ActiveCfg = Release|Any CPU
		{A9CB8244-F10A-494E-A8D4-6756089103E9}.Release|Any CPU.Build.0 = Release|Any CPU
		{44AB3B6B-0914-4E32-834B-4DB1E928265B}.Debug|Any CPU.ActiveCfg = Debug|Any CPU
		{44AB3B6B-0914-4E32-834B-4DB1E928265B}.Debug|Any CPU.Build.0 = Debug|Any CPU
		{44AB3B6B-0914-4E32-834B-4DB1E928265B}.Release|Any CPU.ActiveCfg = Release|Any CPU
		{44AB3B6B-0914-4E32-834B-4DB1E928265B}.Release|Any CPU.Build.0 = Release|Any CPU
		{4170429A-E4FF-4C70-8443-1972EEF608E4}.Debug|Any CPU.ActiveCfg = Debug|Any CPU
		{4170429A-E4FF-4C70-8443-1972EEF608E4}.Debug|Any CPU.Build.0 = Debug|Any CPU
		{4170429A-E4FF-4C70-8443-1972EEF608E4}.Release|Any CPU.ActiveCfg = Release|Any CPU
		{4170429A-E4FF-4C70-8443-1972EEF608E4}.Release|Any CPU.Build.0 = Release|Any CPU
		{D76EE123-3A24-4289-932F-CE1841E5DFA6}.Debug|Any CPU.ActiveCfg = Debug|Any CPU
		{D76EE123-3A24-4289-932F-CE1841E5DFA6}.Debug|Any CPU.Build.0 = Debug|Any CPU
		{D76EE123-3A24-4289-932F-CE1841E5DFA6}.Release|Any CPU.ActiveCfg = Release|Any CPU
		{D76EE123-3A24-4289-932F-CE1841E5DFA6}.Release|Any CPU.Build.0 = Release|Any CPU
		{3F974817-8E89-417A-A7A1-976BA97634A0}.Debug|Any CPU.ActiveCfg = Debug|Any CPU
		{3F974817-8E89-417A-A7A1-976BA97634A0}.Debug|Any CPU.Build.0 = Debug|Any CPU
		{3F974817-8E89-417A-A7A1-976BA97634A0}.Release|Any CPU.ActiveCfg = Release|Any CPU
		{3F974817-8E89-417A-A7A1-976BA97634A0}.Release|Any CPU.Build.0 = Release|Any CPU
		{2AB409F1-26AE-4B65-8202-EB85B157EB9A}.Debug|Any CPU.ActiveCfg = Debug|Any CPU
		{2AB409F1-26AE-4B65-8202-EB85B157EB9A}.Debug|Any CPU.Build.0 = Debug|Any CPU
		{2AB409F1-26AE-4B65-8202-EB85B157EB9A}.Release|Any CPU.ActiveCfg = Release|Any CPU
		{2AB409F1-26AE-4B65-8202-EB85B157EB9A}.Release|Any CPU.Build.0 = Release|Any CPU
		{48FCC657-E34C-4F81-AB5D-C9A66FE38FEF}.Debug|Any CPU.ActiveCfg = Debug|Any CPU
		{48FCC657-E34C-4F81-AB5D-C9A66FE38FEF}.Debug|Any CPU.Build.0 = Debug|Any CPU
		{48FCC657-E34C-4F81-AB5D-C9A66FE38FEF}.Release|Any CPU.ActiveCfg = Release|Any CPU
		{48FCC657-E34C-4F81-AB5D-C9A66FE38FEF}.Release|Any CPU.Build.0 = Release|Any CPU
		{5080791D-B6D0-407A-BF94-CBCACECA22F1}.Debug|Any CPU.ActiveCfg = Debug|Any CPU
		{5080791D-B6D0-407A-BF94-CBCACECA22F1}.Debug|Any CPU.Build.0 = Debug|Any CPU
		{5080791D-B6D0-407A-BF94-CBCACECA22F1}.Release|Any CPU.ActiveCfg = Release|Any CPU
		{5080791D-B6D0-407A-BF94-CBCACECA22F1}.Release|Any CPU.Build.0 = Release|Any CPU
		{88F210ED-D657-48CE-9522-ED350C9B7BE1}.Debug|Any CPU.ActiveCfg = Debug|Any CPU
		{88F210ED-D657-48CE-9522-ED350C9B7BE1}.Debug|Any CPU.Build.0 = Debug|Any CPU
		{88F210ED-D657-48CE-9522-ED350C9B7BE1}.Release|Any CPU.ActiveCfg = Release|Any CPU
		{88F210ED-D657-48CE-9522-ED350C9B7BE1}.Release|Any CPU.Build.0 = Release|Any CPU
		{188BEFFB-E5A4-4D0A-A4D5-ECF572E9F83C}.Debug|Any CPU.ActiveCfg = Debug|Any CPU
		{188BEFFB-E5A4-4D0A-A4D5-ECF572E9F83C}.Debug|Any CPU.Build.0 = Debug|Any CPU
		{188BEFFB-E5A4-4D0A-A4D5-ECF572E9F83C}.Release|Any CPU.ActiveCfg = Release|Any CPU
		{188BEFFB-E5A4-4D0A-A4D5-ECF572E9F83C}.Release|Any CPU.Build.0 = Release|Any CPU
		{69A85030-3B1E-469A-BAF7-269A9781C4EE}.Debug|Any CPU.ActiveCfg = Debug|Any CPU
		{69A85030-3B1E-469A-BAF7-269A9781C4EE}.Debug|Any CPU.Build.0 = Debug|Any CPU
		{69A85030-3B1E-469A-BAF7-269A9781C4EE}.Release|Any CPU.ActiveCfg = Release|Any CPU
		{69A85030-3B1E-469A-BAF7-269A9781C4EE}.Release|Any CPU.Build.0 = Release|Any CPU
		{3C1983C2-461C-4DA5-89B2-7B3FD585D996}.Debug|Any CPU.ActiveCfg = Debug|Any CPU
		{3C1983C2-461C-4DA5-89B2-7B3FD585D996}.Debug|Any CPU.Build.0 = Debug|Any CPU
		{3C1983C2-461C-4DA5-89B2-7B3FD585D996}.Release|Any CPU.ActiveCfg = Release|Any CPU
		{3C1983C2-461C-4DA5-89B2-7B3FD585D996}.Release|Any CPU.Build.0 = Release|Any CPU
		{C56FE487-2D94-4E2E-8F5A-A2138F21C1FE}.Debug|Any CPU.ActiveCfg = Debug|Any CPU
		{C56FE487-2D94-4E2E-8F5A-A2138F21C1FE}.Debug|Any CPU.Build.0 = Debug|Any CPU
		{C56FE487-2D94-4E2E-8F5A-A2138F21C1FE}.Release|Any CPU.ActiveCfg = Release|Any CPU
		{C56FE487-2D94-4E2E-8F5A-A2138F21C1FE}.Release|Any CPU.Build.0 = Release|Any CPU
		{4FDE2918-0AC6-42EF-9A62-64D84F5EE043}.Debug|Any CPU.ActiveCfg = Debug|Any CPU
		{4FDE2918-0AC6-42EF-9A62-64D84F5EE043}.Debug|Any CPU.Build.0 = Debug|Any CPU
		{4FDE2918-0AC6-42EF-9A62-64D84F5EE043}.Release|Any CPU.ActiveCfg = Release|Any CPU
		{4FDE2918-0AC6-42EF-9A62-64D84F5EE043}.Release|Any CPU.Build.0 = Release|Any CPU
		{D193381E-4ED7-4CBC-9B4B-8FFF79C61907}.Debug|Any CPU.ActiveCfg = Debug|Any CPU
		{D193381E-4ED7-4CBC-9B4B-8FFF79C61907}.Debug|Any CPU.Build.0 = Debug|Any CPU
		{D193381E-4ED7-4CBC-9B4B-8FFF79C61907}.Release|Any CPU.ActiveCfg = Release|Any CPU
		{D193381E-4ED7-4CBC-9B4B-8FFF79C61907}.Release|Any CPU.Build.0 = Release|Any CPU
		{C8FAAC35-6152-487F-B050-893D5D6D58EE}.Debug|Any CPU.ActiveCfg = Debug|Any CPU
		{C8FAAC35-6152-487F-B050-893D5D6D58EE}.Debug|Any CPU.Build.0 = Debug|Any CPU
		{C8FAAC35-6152-487F-B050-893D5D6D58EE}.Release|Any CPU.ActiveCfg = Release|Any CPU
		{C8FAAC35-6152-487F-B050-893D5D6D58EE}.Release|Any CPU.Build.0 = Release|Any CPU
		{62EAD1CC-816A-44C3-B7A4-DA0DB8BC7D40}.Debug|Any CPU.ActiveCfg = Debug|Any CPU
		{62EAD1CC-816A-44C3-B7A4-DA0DB8BC7D40}.Debug|Any CPU.Build.0 = Debug|Any CPU
		{62EAD1CC-816A-44C3-B7A4-DA0DB8BC7D40}.Release|Any CPU.ActiveCfg = Release|Any CPU
		{62EAD1CC-816A-44C3-B7A4-DA0DB8BC7D40}.Release|Any CPU.Build.0 = Release|Any CPU
		{87FF5BF1-EE7C-4538-9411-CB1C118596A9}.Debug|Any CPU.ActiveCfg = Debug|Any CPU
		{87FF5BF1-EE7C-4538-9411-CB1C118596A9}.Debug|Any CPU.Build.0 = Debug|Any CPU
		{87FF5BF1-EE7C-4538-9411-CB1C118596A9}.Release|Any CPU.ActiveCfg = Release|Any CPU
		{87FF5BF1-EE7C-4538-9411-CB1C118596A9}.Release|Any CPU.Build.0 = Release|Any CPU
		{4F0461E9-622C-48F2-892E-FB85F12910B3}.Debug|Any CPU.ActiveCfg = Debug|Any CPU
		{4F0461E9-622C-48F2-892E-FB85F12910B3}.Debug|Any CPU.Build.0 = Debug|Any CPU
		{4F0461E9-622C-48F2-892E-FB85F12910B3}.Release|Any CPU.ActiveCfg = Release|Any CPU
		{4F0461E9-622C-48F2-892E-FB85F12910B3}.Release|Any CPU.Build.0 = Release|Any CPU
		{79F82CEE-094C-4558-BD61-8A757B5C7EAF}.Debug|Any CPU.ActiveCfg = Debug|Any CPU
		{79F82CEE-094C-4558-BD61-8A757B5C7EAF}.Debug|Any CPU.Build.0 = Debug|Any CPU
		{79F82CEE-094C-4558-BD61-8A757B5C7EAF}.Release|Any CPU.ActiveCfg = Release|Any CPU
		{79F82CEE-094C-4558-BD61-8A757B5C7EAF}.Release|Any CPU.Build.0 = Release|Any CPU
		{4C67BE54-5EC9-4E8D-B84C-9F786DDF9544}.Debug|Any CPU.ActiveCfg = Debug|Any CPU
		{4C67BE54-5EC9-4E8D-B84C-9F786DDF9544}.Debug|Any CPU.Build.0 = Debug|Any CPU
		{4C67BE54-5EC9-4E8D-B84C-9F786DDF9544}.Release|Any CPU.ActiveCfg = Release|Any CPU
		{4C67BE54-5EC9-4E8D-B84C-9F786DDF9544}.Release|Any CPU.Build.0 = Release|Any CPU
		{86D34CB3-59E9-4A30-9E60-C9E2D5A0C65F}.Debug|Any CPU.ActiveCfg = Debug|Any CPU
		{86D34CB3-59E9-4A30-9E60-C9E2D5A0C65F}.Debug|Any CPU.Build.0 = Debug|Any CPU
		{86D34CB3-59E9-4A30-9E60-C9E2D5A0C65F}.Release|Any CPU.ActiveCfg = Release|Any CPU
		{86D34CB3-59E9-4A30-9E60-C9E2D5A0C65F}.Release|Any CPU.Build.0 = Release|Any CPU
		{4D85CCE0-5FD6-4DC8-85B6-8E118A07E945}.Debug|Any CPU.ActiveCfg = Debug|Any CPU
		{4D85CCE0-5FD6-4DC8-85B6-8E118A07E945}.Debug|Any CPU.Build.0 = Debug|Any CPU
		{4D85CCE0-5FD6-4DC8-85B6-8E118A07E945}.Release|Any CPU.ActiveCfg = Release|Any CPU
		{4D85CCE0-5FD6-4DC8-85B6-8E118A07E945}.Release|Any CPU.Build.0 = Release|Any CPU
		{DED9DEF5-0249-4298-A94F-4D32CB65E984}.Debug|Any CPU.ActiveCfg = Debug|Any CPU
		{DED9DEF5-0249-4298-A94F-4D32CB65E984}.Debug|Any CPU.Build.0 = Debug|Any CPU
		{DED9DEF5-0249-4298-A94F-4D32CB65E984}.Release|Any CPU.ActiveCfg = Release|Any CPU
		{DED9DEF5-0249-4298-A94F-4D32CB65E984}.Release|Any CPU.Build.0 = Release|Any CPU
		{F3D8E98B-5172-400B-AA59-3B10B8116FDF}.Debug|Any CPU.ActiveCfg = Debug|Any CPU
		{F3D8E98B-5172-400B-AA59-3B10B8116FDF}.Debug|Any CPU.Build.0 = Debug|Any CPU
		{F3D8E98B-5172-400B-AA59-3B10B8116FDF}.Release|Any CPU.ActiveCfg = Release|Any CPU
		{F3D8E98B-5172-400B-AA59-3B10B8116FDF}.Release|Any CPU.Build.0 = Release|Any CPU
		{E439D6D2-9DE4-4252-8546-C4C9939CB2D5}.Debug|Any CPU.ActiveCfg = Debug|Any CPU
		{E439D6D2-9DE4-4252-8546-C4C9939CB2D5}.Debug|Any CPU.Build.0 = Debug|Any CPU
		{E439D6D2-9DE4-4252-8546-C4C9939CB2D5}.Release|Any CPU.ActiveCfg = Release|Any CPU
		{E439D6D2-9DE4-4252-8546-C4C9939CB2D5}.Release|Any CPU.Build.0 = Release|Any CPU
		{D4F1401D-26E5-40A9-8A4E-F37CAC8FB865}.Debug|Any CPU.ActiveCfg = Debug|Any CPU
		{D4F1401D-26E5-40A9-8A4E-F37CAC8FB865}.Debug|Any CPU.Build.0 = Debug|Any CPU
		{D4F1401D-26E5-40A9-8A4E-F37CAC8FB865}.Release|Any CPU.ActiveCfg = Release|Any CPU
		{D4F1401D-26E5-40A9-8A4E-F37CAC8FB865}.Release|Any CPU.Build.0 = Release|Any CPU
		{2E788FC6-91A9-4038-A50A-D57A23CF9D87}.Debug|Any CPU.ActiveCfg = Debug|Any CPU
		{2E788FC6-91A9-4038-A50A-D57A23CF9D87}.Debug|Any CPU.Build.0 = Debug|Any CPU
		{2E788FC6-91A9-4038-A50A-D57A23CF9D87}.Release|Any CPU.ActiveCfg = Release|Any CPU
		{2E788FC6-91A9-4038-A50A-D57A23CF9D87}.Release|Any CPU.Build.0 = Release|Any CPU
	EndGlobalSection
	GlobalSection(SolutionProperties) = preSolution
		HideSolutionNode = FALSE
	EndGlobalSection
	GlobalSection(NestedProjects) = preSolution
		{A75E4001-6342-498D-AA7E-A26855B889C1} = {11C0BB15-A907-47DE-B4FB-CE3D4BF3657D}
		{60E1D492-D0E0-4496-9479-C5CA2AE7CAC9} = {11C0BB15-A907-47DE-B4FB-CE3D4BF3657D}
		{E6B64CF6-2378-46F5-A770-0592BA558F7F} = {11C0BB15-A907-47DE-B4FB-CE3D4BF3657D}
		{20D8E9F6-83F3-4833-B760-B63812739AC6} = {11C0BB15-A907-47DE-B4FB-CE3D4BF3657D}
		{71708025-9DFE-4867-997E-9084942A8ED3} = {11C0BB15-A907-47DE-B4FB-CE3D4BF3657D}
		{CAF6F08C-65B3-42F3-8CB8-92F0059AB112} = {60E1D492-D0E0-4496-9479-C5CA2AE7CAC9}
		{B7F7D667-B179-41D6-8FC3-A88208E623A9} = {60E1D492-D0E0-4496-9479-C5CA2AE7CAC9}
		{76D0E3D5-0CDE-4056-ADA1-707948D09BCA} = {60E1D492-D0E0-4496-9479-C5CA2AE7CAC9}
		{BD608161-5B15-407C-B616-6C4BEED208FF} = {60E1D492-D0E0-4496-9479-C5CA2AE7CAC9}
		{4FE530B9-6983-42A2-B23C-069E8EC8CD51} = {60E1D492-D0E0-4496-9479-C5CA2AE7CAC9}
		{DAF6F4BD-5C62-434E-8302-D889FF67839C} = {60E1D492-D0E0-4496-9479-C5CA2AE7CAC9}
		{F21C755E-E711-468B-9B9F-A239D4B879F7} = {CAF6F08C-65B3-42F3-8CB8-92F0059AB112}
		{41A96715-7879-421E-BB3B-AC6396E71158} = {BD608161-5B15-407C-B616-6C4BEED208FF}
		{FFB6B3BB-69D1-4C1D-881B-C309846C26E3} = {76D0E3D5-0CDE-4056-ADA1-707948D09BCA}
		{F7B224D4-CC96-4756-88C0-3BA47B5F0B81} = {B7F7D667-B179-41D6-8FC3-A88208E623A9}
		{A9CB8244-F10A-494E-A8D4-6756089103E9} = {71708025-9DFE-4867-997E-9084942A8ED3}
		{44AB3B6B-0914-4E32-834B-4DB1E928265B} = {B7F7D667-B179-41D6-8FC3-A88208E623A9}
		{4170429A-E4FF-4C70-8443-1972EEF608E4} = {4FE530B9-6983-42A2-B23C-069E8EC8CD51}
		{D76EE123-3A24-4289-932F-CE1841E5DFA6} = {71708025-9DFE-4867-997E-9084942A8ED3}
		{3F974817-8E89-417A-A7A1-976BA97634A0} = {DAF6F4BD-5C62-434E-8302-D889FF67839C}
		{E236296A-D3F9-44D9-9415-FBDC95AEAA6C} = {E6B64CF6-2378-46F5-A770-0592BA558F7F}
		{4FB02782-D342-49AB-86A4-24131AA4D622} = {E6B64CF6-2378-46F5-A770-0592BA558F7F}
		{1354FA72-C2F9-4E6D-BD44-D5F77EFE4FD8} = {E6B64CF6-2378-46F5-A770-0592BA558F7F}
		{758D08BF-F66E-40E9-9391-9BE9120F556A} = {E6B64CF6-2378-46F5-A770-0592BA558F7F}
		{2AB409F1-26AE-4B65-8202-EB85B157EB9A} = {E236296A-D3F9-44D9-9415-FBDC95AEAA6C}
		{48FCC657-E34C-4F81-AB5D-C9A66FE38FEF} = {758D08BF-F66E-40E9-9391-9BE9120F556A}
		{F245B620-6097-4D59-8AC7-C7B83313D8A3} = {20D8E9F6-83F3-4833-B760-B63812739AC6}
		{4F5968E8-B8F0-4A3C-961C-F0CACFEEFDF8} = {20D8E9F6-83F3-4833-B760-B63812739AC6}
		{3B89C566-8B67-49C2-B696-18FE24D015F9} = {20D8E9F6-83F3-4833-B760-B63812739AC6}
		{D196D90A-2155-4F82-AC3E-9653E133898A} = {20D8E9F6-83F3-4833-B760-B63812739AC6}
		{5080791D-B6D0-407A-BF94-CBCACECA22F1} = {D196D90A-2155-4F82-AC3E-9653E133898A}
		{3B242AFB-9FA8-4E06-86AC-A6B37AFAB24C} = {20D8E9F6-83F3-4833-B760-B63812739AC6}
		{88F210ED-D657-48CE-9522-ED350C9B7BE1} = {3B242AFB-9FA8-4E06-86AC-A6B37AFAB24C}
		{188BEFFB-E5A4-4D0A-A4D5-ECF572E9F83C} = {F245B620-6097-4D59-8AC7-C7B83313D8A3}
		{69A85030-3B1E-469A-BAF7-269A9781C4EE} = {3B89C566-8B67-49C2-B696-18FE24D015F9}
		{3C1983C2-461C-4DA5-89B2-7B3FD585D996} = {4F5968E8-B8F0-4A3C-961C-F0CACFEEFDF8}
		{C56FE487-2D94-4E2E-8F5A-A2138F21C1FE} = {4F5968E8-B8F0-4A3C-961C-F0CACFEEFDF8}
		{4FDE2918-0AC6-42EF-9A62-64D84F5EE043} = {1354FA72-C2F9-4E6D-BD44-D5F77EFE4FD8}
		{D193381E-4ED7-4CBC-9B4B-8FFF79C61907} = {4FB02782-D342-49AB-86A4-24131AA4D622}
		{C8FAAC35-6152-487F-B050-893D5D6D58EE} = {4FB02782-D342-49AB-86A4-24131AA4D622}
		{9AF5B354-0A88-4B73-9F61-8CE59E82CDA9} = {60E1D492-D0E0-4496-9479-C5CA2AE7CAC9}
		{62EAD1CC-816A-44C3-B7A4-DA0DB8BC7D40} = {9AF5B354-0A88-4B73-9F61-8CE59E82CDA9}
		{6D3F34AC-0E64-4656-8070-1DDEDAF9FC8A} = {A75E4001-6342-498D-AA7E-A26855B889C1}
		{C82F5AB5-C53F-4FFE-BD0C-F854DD680393} = {A75E4001-6342-498D-AA7E-A26855B889C1}
		{874C705C-8AF3-4DE8-B5B6-675117180405} = {A75E4001-6342-498D-AA7E-A26855B889C1}
		{7C88EE14-6B7C-44A6-83DE-6E72FCC7751F} = {A75E4001-6342-498D-AA7E-A26855B889C1}
		{87FF5BF1-EE7C-4538-9411-CB1C118596A9} = {7C88EE14-6B7C-44A6-83DE-6E72FCC7751F}
		{4F0461E9-622C-48F2-892E-FB85F12910B3} = {874C705C-8AF3-4DE8-B5B6-675117180405}
		{79F82CEE-094C-4558-BD61-8A757B5C7EAF} = {6D3F34AC-0E64-4656-8070-1DDEDAF9FC8A}
		{4C67BE54-5EC9-4E8D-B84C-9F786DDF9544} = {C82F5AB5-C53F-4FFE-BD0C-F854DD680393}
		{86D34CB3-59E9-4A30-9E60-C9E2D5A0C65F} = {C82F5AB5-C53F-4FFE-BD0C-F854DD680393}
		{69040D02-FEAB-4306-8998-57029731D5EE} = {99714845-AD3B-41EC-9A52-E3C2A4931F99}
		{4D85CCE0-5FD6-4DC8-85B6-8E118A07E945} = {69040D02-FEAB-4306-8998-57029731D5EE}
		{DED9DEF5-0249-4298-A94F-4D32CB65E984} = {99714845-AD3B-41EC-9A52-E3C2A4931F99}
		{F3D8E98B-5172-400B-AA59-3B10B8116FDF} = {99714845-AD3B-41EC-9A52-E3C2A4931F99}
		{E439D6D2-9DE4-4252-8546-C4C9939CB2D5} = {4F5968E8-B8F0-4A3C-961C-F0CACFEEFDF8}
		{D4F1401D-26E5-40A9-8A4E-F37CAC8FB865} = {FD6069FD-7355-4450-B2D8-08BD6DDB3A41}
		{2E788FC6-91A9-4038-A50A-D57A23CF9D87} = {FD6069FD-7355-4450-B2D8-08BD6DDB3A41}
	EndGlobalSection
EndGlobal
