
Microsoft Visual Studio Solution File, Format Version 12.00
# Visual Studio Version 17
VisualStudioVersion = 17.12.35707.178 d17.12
MinimumVisualStudioVersion = 10.0.40219.1
Project("{2150E333-8FDC-42A3-9474-1A3956D46DE8}") = "01. Customer", "01. Customer", "{1F977B7E-22CE-49AD-B97E-7C192CE84057}"
EndProject
Project("{2150E333-8FDC-42A3-9474-1A3956D46DE8}") = "01. Api", "01. Api", "{75A5B0F4-9DF4-4639-81DB-036B53028EEA}"
EndProject
Project("{FAE04EC0-301F-11D3-BF4B-00C04F79EFBC}") = "Customer.Api", "src\Services\Customer\Customer.Api\Customer.Api.csproj", "{6B6DEFE3-6D4E-4E22-901B-35A69764F204}"
EndProject
Global
	GlobalSection(SolutionConfigurationPlatforms) = preSolution
		Debug|Any CPU = Debug|Any CPU
		Release|Any CPU = Release|Any CPU
	EndGlobalSection
	GlobalSection(ProjectConfigurationPlatforms) = postSolution
		{6B6DEFE3-6D4E-4E22-901B-35A69764F204}.Debug|Any CPU.ActiveCfg = Debug|Any CPU
		{6B6DEFE3-6D4E-4E22-901B-35A69764F204}.Debug|Any CPU.Build.0 = Debug|Any CPU
		{6B6DEFE3-6D4E-4E22-901B-35A69764F204}.Release|Any CPU.ActiveCfg = Release|Any CPU
		{6B6DEFE3-6D4E-4E22-901B-35A69764F204}.Release|Any CPU.Build.0 = Release|Any CPU
	EndGlobalSection
	GlobalSection(SolutionProperties) = preSolution
		HideSolutionNode = FALSE
	EndGlobalSection
	GlobalSection(NestedProjects) = preSolution
		{75A5B0F4-9DF4-4639-81DB-036B53028EEA} = {1F977B7E-22CE-49AD-B97E-7C192CE84057}
		{6B6DEFE3-6D4E-4E22-901B-35A69764F204} = {75A5B0F4-9DF4-4639-81DB-036B53028EEA}
	EndGlobalSection
EndGlobal
