
Microsoft Visual Studio Solution File, Format Version 12.00
# Visual Studio Version 17
VisualStudioVersion = 17.12.35707.178
MinimumVisualStudioVersion = 10.0.40219.1
Project("{2150E333-8FDC-42A3-9474-1A3956D46DE8}") = "01. Clients", "01. Clients", "{5AE1F926-9013-4496-9473-B070E213129F}"
EndProject
Project("{2150E333-8FDC-42A3-9474-1A3956D46DE8}") = "02. Api.Gateways", "02. Api.Gateways", "{416202D4-EEC0-4753-8487-839C9F9BA5CB}"
EndProject
Project("{2150E333-8FDC-42A3-9474-1A3956D46DE8}") = "03. Services", "03. Services", "{6AF8126D-F21D-4D3E-8BF4-92007E706666}"
EndProject
Project("{2150E333-8FDC-42A3-9474-1A3956D46DE8}") = "01. Identity", "01. Identity", "{6DF74195-5030-4F3D-9726-9EAD2D2E44A4}"
EndProject
Project("{2150E333-8FDC-42A3-9474-1A3956D46DE8}") = "02. Catalog", "02. Catalog", "{990F6F06-0B77-4158-B5DF-7B230FD7621F}"
EndProject
Project("{2150E333-8FDC-42A3-9474-1A3956D46DE8}") = "03. Customer", "03. Customer", "{BF25E031-1FF8-41CD-B06F-CDD99ACB4935}"
EndProject
Project("{2150E333-8FDC-42A3-9474-1A3956D46DE8}") = "04. Order", "04. Order", "{7D6A690E-0F52-4F30-A300-59A0D1CE94F3}"
EndProject
Project("{2150E333-8FDC-42A3-9474-1A3956D46DE8}") = "01. Api", "01. Api", "{E06E2F8E-5E5C-493A-AEF0-988FB30178C3}"
EndProject
Project("{FAE04EC0-301F-11D3-BF4B-00C04F79EFBC}") = "Catalog.Api", "src\Services\Catalog\Catalog.Api\Catalog.Api.csproj", "{46DB7AB5-32C3-493B-90A1-39808468224C}"
EndProject
Project("{2150E333-8FDC-42A3-9474-1A3956D46DE8}") = "02. Services", "02. Services", "{525E9A6F-BC9A-4533-8EF3-7B3B30F38392}"
EndProject
Project("{2150E333-8FDC-42A3-9474-1A3956D46DE8}") = "03. Persistence", "03. Persistence", "{8CC40807-9BE8-4E95-81F4-E54009A94B62}"
EndProject
Project("{2150E333-8FDC-42A3-9474-1A3956D46DE8}") = "04. Models", "04. Models", "{D063D7D4-06C3-42F8-AACB-40F5F8E74B10}"
EndProject
Project("{FAE04EC0-301F-11D3-BF4B-00C04F79EFBC}") = "Catalog.Domain", "src\Services\Catalog\Catalog.Domain\Catalog.Domain.csproj", "{115D90C9-5121-477D-BFD0-F1ABE6F69E87}"
EndProject
Project("{FAE04EC0-301F-11D3-BF4B-00C04F79EFBC}") = "Catalog.Persistence.Database", "src\Services\Catalog\Catalog.Persistence.Database\Catalog.Persistence.Database.csproj", "{C8B724ED-E3D4-485D-A48E-1D51E920099F}"
EndProject
Project("{FAE04EC0-301F-11D3-BF4B-00C04F79EFBC}") = "Catalog.Service.Queries", "src\Services\Catalog\Catalog.Service.Queries\Catalog.Service.Queries.csproj", "{AA2EA67C-ED30-4211-A8B6-0E0E179CDD07}"
EndProject
Project("{2150E333-8FDC-42A3-9474-1A3956D46DE8}") = "05. Common", "05. Common", "{FF17346B-36B7-4128-A781-04A88FB2AF70}"
EndProject
Project("{FAE04EC0-301F-11D3-BF4B-00C04F79EFBC}") = "Service.Common.Utils", "src\Services\Common\Service.Common.Utils\Service.Common.Utils.csproj", "{C476D07D-227B-4E48-8066-62E567AD6823}"
EndProject
Project("{FAE04EC0-301F-11D3-BF4B-00C04F79EFBC}") = "Catalog.Service.EventHandler", "src\Services\Catalog\Catalog.Service.EventHandler\Catalog.Service.EventHandler.csproj", "{E418AB97-689B-49A7-B2B1-45D964927DA2}"
EndProject
Project("{2150E333-8FDC-42A3-9474-1A3956D46DE8}") = "05. Common", "05. Common", "{81977D3F-F7D2-458E-AC6C-0FE70B388C95}"
EndProject
Project("{FAE04EC0-301F-11D3-BF4B-00C04F79EFBC}") = "Catalog.Common", "src\Services\Catalog\Catalog.Common\Catalog.Common.csproj", "{CF88F1EC-40F8-4BDF-B16A-29E3A8982DA8}"
EndProject
Project("{FAE04EC0-301F-11D3-BF4B-00C04F79EFBC}") = "Service.Common.Logging", "src\Services\Common\Service.Common.Logging\Service.Common.Logging.csproj", "{395E805F-5E12-49E9-AD0B-7C41396EF1AC}"
EndProject
Project("{2150E333-8FDC-42A3-9474-1A3956D46DE8}") = "06. Testing", "06. Testing", "{9C9223FA-153B-433D-9E93-7A311C513368}"
EndProject
Project("{FAE04EC0-301F-11D3-BF4B-00C04F79EFBC}") = "Catalog.Tests", "src\Services\Catalog\Catalog.Tests\Catalog.Tests.csproj", "{7328DF3C-B729-4D80-A488-6EDC422F3A24}"
EndProject
Project("{2150E333-8FDC-42A3-9474-1A3956D46DE8}") = "01. Api", "01. Api", "{0A2B55B3-9064-4B4F-8F43-4ABD18C33237}"
EndProject
Project("{2150E333-8FDC-42A3-9474-1A3956D46DE8}") = "02. Services", "02. Services", "{AEC81B41-48CB-4EC7-96AB-6F9A95176909}"
EndProject
Project("{2150E333-8FDC-42A3-9474-1A3956D46DE8}") = "03. Persistence", "03. Persistence", "{F68115FB-CC09-45FE-9331-56293ECDAD86}"
EndProject
Project("{2150E333-8FDC-42A3-9474-1A3956D46DE8}") = "04. Models", "04. Models", "{8E3F3459-194C-4958-AE2B-76281107C790}"
EndProject
Project("{FAE04EC0-301F-11D3-BF4B-00C04F79EFBC}") = "Customer.Api", "src\Services\Customer\Customer.Api\Customer.Api.csproj", "{89E04AEA-F359-4114-A1BE-FBE47FAE30BF}"
EndProject
Project("{FAE04EC0-301F-11D3-BF4B-00C04F79EFBC}") = "Customer.Domain", "src\Services\Customer\Customer.Domain\Customer.Domain.csproj", "{9898EE72-67B6-40FA-8B4F-2444880CF3E1}"
EndProject
Project("{FAE04EC0-301F-11D3-BF4B-00C04F79EFBC}") = "Customer.Persistence.Database", "src\Services\Customer\Customer.Persistence.Database\Customer.Persistence.Database.csproj", "{B438CC96-DE9E-441F-873B-AFDE89866F7F}"
EndProject
Project("{FAE04EC0-301F-11D3-BF4B-00C04F79EFBC}") = "Customer.Service.EventHandler", "src\Services\Customer\Customer.Service.EventHandler\Customer.Service.EventHandler.csproj", "{203803F9-3259-4F61-B833-469FA7F8B242}"
EndProject
Project("{2150E333-8FDC-42A3-9474-1A3956D46DE8}") = "01. Api", "01. Api", "{C5ACFD47-E89E-4F2F-809B-1AD4F642CF4E}"
EndProject
Project("{2150E333-8FDC-42A3-9474-1A3956D46DE8}") = "02. Services", "02. Services", "{BA42F027-F35D-461A-95C0-C662C395D239}"
EndProject
Project("{2150E333-8FDC-42A3-9474-1A3956D46DE8}") = "03. Persistence", "03. Persistence", "{AD071166-8014-4ED2-9664-7B67527064CA}"
EndProject
Project("{2150E333-8FDC-42A3-9474-1A3956D46DE8}") = "04. Models", "04. Models", "{E26EF2A8-1C2B-4D5E-9F2E-EDF9F7F49123}"
EndProject
Project("{2150E333-8FDC-42A3-9474-1A3956D46DE8}") = "05. Common", "05. Common", "{BDC34C6C-2F5C-451E-BCA4-987BE4213100}"
EndProject
Project("{FAE04EC0-301F-11D3-BF4B-00C04F79EFBC}") = "Order.Domain", "src\Services\Order\Order.Domain\Order.Domain.csproj", "{B954846B-64A7-47CA-9A07-73273BD09E43}"
EndProject
Project("{FAE04EC0-301F-11D3-BF4B-00C04F79EFBC}") = "Customer.Service.Queries", "src\Services\Customer\Customer.Service.Queries\Customer.Service.Queries.csproj", "{20E611EB-E4FD-4DF6-A31E-BE3420C836C4}"
EndProject
Project("{FAE04EC0-301F-11D3-BF4B-00C04F79EFBC}") = "Order.Api", "src\Services\Order\Order.Api\Order.Api.csproj", "{5FD451B8-F7AA-4463-BEAF-134BD96FA0D1}"
EndProject
Project("{FAE04EC0-301F-11D3-BF4B-00C04F79EFBC}") = "Order.Common", "src\Services\Order\Order.Common\Order.Common.csproj", "{867E7588-E349-4C16-BD34-14CB633A9AB8}"
EndProject
Project("{FAE04EC0-301F-11D3-BF4B-00C04F79EFBC}") = "Order.Persistence.Database", "src\Services\Order\Order.Persistence.Database\Order.Persistence.Database.csproj", "{6B17333C-E790-4F27-A57C-80CBD49C5DCE}"
EndProject
Project("{FAE04EC0-301F-11D3-BF4B-00C04F79EFBC}") = "Order.Service.EventHandlers", "src\Services\Order\Order.Service.EventHandlers\Order.Service.EventHandlers.csproj", "{E4525E24-EDA9-4898-89CD-AE9D68D493D9}"
EndProject
Project("{FAE04EC0-301F-11D3-BF4B-00C04F79EFBC}") = "Order.Service.Queries", "src\Services\Order\Order.Service.Queries\Order.Service.Queries.csproj", "{BAC98FB0-C19A-4D72-911D-C3DCE8B41FAA}"
EndProject
Project("{FAE04EC0-301F-11D3-BF4B-00C04F79EFBC}") = "Order.Service.Proxy", "src\Services\Order\Order.Service.Proxy\Order.Service.Proxy.csproj", "{C01DEDBD-63E1-40FC-A821-9D414F87F859}"
EndProject
Project("{2150E333-8FDC-42A3-9474-1A3956D46DE8}") = "07. Listeners", "07. Listeners", "{6B53BCF8-6CC4-42EE-94A5-87A7EE7B1982}"
EndProject
Project("{FAE04EC0-301F-11D3-BF4B-00C04F79EFBC}") = "Catalog.Listener", "src\Services\Catalog\Catalog.Listener\Catalog.Listener.csproj", "{BB627044-EF35-42D4-9F76-2FB80D65CA56}"
EndProject
Global
	GlobalSection(SolutionConfigurationPlatforms) = preSolution
		Debug|Any CPU = Debug|Any CPU
		Release|Any CPU = Release|Any CPU
	EndGlobalSection
	GlobalSection(ProjectConfigurationPlatforms) = postSolution
		{46DB7AB5-32C3-493B-90A1-39808468224C}.Debug|Any CPU.ActiveCfg = Debug|Any CPU
		{46DB7AB5-32C3-493B-90A1-39808468224C}.Debug|Any CPU.Build.0 = Debug|Any CPU
		{46DB7AB5-32C3-493B-90A1-39808468224C}.Release|Any CPU.ActiveCfg = Release|Any CPU
		{46DB7AB5-32C3-493B-90A1-39808468224C}.Release|Any CPU.Build.0 = Release|Any CPU
		{115D90C9-5121-477D-BFD0-F1ABE6F69E87}.Debug|Any CPU.ActiveCfg = Debug|Any CPU
		{115D90C9-5121-477D-BFD0-F1ABE6F69E87}.Debug|Any CPU.Build.0 = Debug|Any CPU
		{115D90C9-5121-477D-BFD0-F1ABE6F69E87}.Release|Any CPU.ActiveCfg = Release|Any CPU
		{115D90C9-5121-477D-BFD0-F1ABE6F69E87}.Release|Any CPU.Build.0 = Release|Any CPU
		{C8B724ED-E3D4-485D-A48E-1D51E920099F}.Debug|Any CPU.ActiveCfg = Debug|Any CPU
		{C8B724ED-E3D4-485D-A48E-1D51E920099F}.Debug|Any CPU.Build.0 = Debug|Any CPU
		{C8B724ED-E3D4-485D-A48E-1D51E920099F}.Release|Any CPU.ActiveCfg = Release|Any CPU
		{C8B724ED-E3D4-485D-A48E-1D51E920099F}.Release|Any CPU.Build.0 = Release|Any CPU
		{AA2EA67C-ED30-4211-A8B6-0E0E179CDD07}.Debug|Any CPU.ActiveCfg = Debug|Any CPU
		{AA2EA67C-ED30-4211-A8B6-0E0E179CDD07}.Debug|Any CPU.Build.0 = Debug|Any CPU
		{AA2EA67C-ED30-4211-A8B6-0E0E179CDD07}.Release|Any CPU.ActiveCfg = Release|Any CPU
		{AA2EA67C-ED30-4211-A8B6-0E0E179CDD07}.Release|Any CPU.Build.0 = Release|Any CPU
		{C476D07D-227B-4E48-8066-62E567AD6823}.Debug|Any CPU.ActiveCfg = Debug|Any CPU
		{C476D07D-227B-4E48-8066-62E567AD6823}.Debug|Any CPU.Build.0 = Debug|Any CPU
		{C476D07D-227B-4E48-8066-62E567AD6823}.Release|Any CPU.ActiveCfg = Release|Any CPU
		{C476D07D-227B-4E48-8066-62E567AD6823}.Release|Any CPU.Build.0 = Release|Any CPU
		{E418AB97-689B-49A7-B2B1-45D964927DA2}.Debug|Any CPU.ActiveCfg = Debug|Any CPU
		{E418AB97-689B-49A7-B2B1-45D964927DA2}.Debug|Any CPU.Build.0 = Debug|Any CPU
		{E418AB97-689B-49A7-B2B1-45D964927DA2}.Release|Any CPU.ActiveCfg = Release|Any CPU
		{E418AB97-689B-49A7-B2B1-45D964927DA2}.Release|Any CPU.Build.0 = Release|Any CPU
		{CF88F1EC-40F8-4BDF-B16A-29E3A8982DA8}.Debug|Any CPU.ActiveCfg = Debug|Any CPU
		{CF88F1EC-40F8-4BDF-B16A-29E3A8982DA8}.Debug|Any CPU.Build.0 = Debug|Any CPU
		{CF88F1EC-40F8-4BDF-B16A-29E3A8982DA8}.Release|Any CPU.ActiveCfg = Release|Any CPU
		{CF88F1EC-40F8-4BDF-B16A-29E3A8982DA8}.Release|Any CPU.Build.0 = Release|Any CPU
		{395E805F-5E12-49E9-AD0B-7C41396EF1AC}.Debug|Any CPU.ActiveCfg = Debug|Any CPU
		{395E805F-5E12-49E9-AD0B-7C41396EF1AC}.Debug|Any CPU.Build.0 = Debug|Any CPU
		{395E805F-5E12-49E9-AD0B-7C41396EF1AC}.Release|Any CPU.ActiveCfg = Release|Any CPU
		{395E805F-5E12-49E9-AD0B-7C41396EF1AC}.Release|Any CPU.Build.0 = Release|Any CPU
		{7328DF3C-B729-4D80-A488-6EDC422F3A24}.Debug|Any CPU.ActiveCfg = Debug|Any CPU
		{7328DF3C-B729-4D80-A488-6EDC422F3A24}.Debug|Any CPU.Build.0 = Debug|Any CPU
		{7328DF3C-B729-4D80-A488-6EDC422F3A24}.Release|Any CPU.ActiveCfg = Release|Any CPU
		{7328DF3C-B729-4D80-A488-6EDC422F3A24}.Release|Any CPU.Build.0 = Release|Any CPU
		{89E04AEA-F359-4114-A1BE-FBE47FAE30BF}.Debug|Any CPU.ActiveCfg = Debug|Any CPU
		{89E04AEA-F359-4114-A1BE-FBE47FAE30BF}.Debug|Any CPU.Build.0 = Debug|Any CPU
		{89E04AEA-F359-4114-A1BE-FBE47FAE30BF}.Release|Any CPU.ActiveCfg = Release|Any CPU
		{89E04AEA-F359-4114-A1BE-FBE47FAE30BF}.Release|Any CPU.Build.0 = Release|Any CPU
		{9898EE72-67B6-40FA-8B4F-2444880CF3E1}.Debug|Any CPU.ActiveCfg = Debug|Any CPU
		{9898EE72-67B6-40FA-8B4F-2444880CF3E1}.Debug|Any CPU.Build.0 = Debug|Any CPU
		{9898EE72-67B6-40FA-8B4F-2444880CF3E1}.Release|Any CPU.ActiveCfg = Release|Any CPU
		{9898EE72-67B6-40FA-8B4F-2444880CF3E1}.Release|Any CPU.Build.0 = Release|Any CPU
		{B438CC96-DE9E-441F-873B-AFDE89866F7F}.Debug|Any CPU.ActiveCfg = Debug|Any CPU
		{B438CC96-DE9E-441F-873B-AFDE89866F7F}.Debug|Any CPU.Build.0 = Debug|Any CPU
		{B438CC96-DE9E-441F-873B-AFDE89866F7F}.Release|Any CPU.ActiveCfg = Release|Any CPU
		{B438CC96-DE9E-441F-873B-AFDE89866F7F}.Release|Any CPU.Build.0 = Release|Any CPU
		{203803F9-3259-4F61-B833-469FA7F8B242}.Debug|Any CPU.ActiveCfg = Debug|Any CPU
		{203803F9-3259-4F61-B833-469FA7F8B242}.Debug|Any CPU.Build.0 = Debug|Any CPU
		{203803F9-3259-4F61-B833-469FA7F8B242}.Release|Any CPU.ActiveCfg = Release|Any CPU
		{203803F9-3259-4F61-B833-469FA7F8B242}.Release|Any CPU.Build.0 = Release|Any CPU
		{B954846B-64A7-47CA-9A07-73273BD09E43}.Debug|Any CPU.ActiveCfg = Debug|Any CPU
		{B954846B-64A7-47CA-9A07-73273BD09E43}.Debug|Any CPU.Build.0 = Debug|Any CPU
		{B954846B-64A7-47CA-9A07-73273BD09E43}.Release|Any CPU.ActiveCfg = Release|Any CPU
		{B954846B-64A7-47CA-9A07-73273BD09E43}.Release|Any CPU.Build.0 = Release|Any CPU
		{20E611EB-E4FD-4DF6-A31E-BE3420C836C4}.Debug|Any CPU.ActiveCfg = Debug|Any CPU
		{20E611EB-E4FD-4DF6-A31E-BE3420C836C4}.Debug|Any CPU.Build.0 = Debug|Any CPU
		{20E611EB-E4FD-4DF6-A31E-BE3420C836C4}.Release|Any CPU.ActiveCfg = Release|Any CPU
		{20E611EB-E4FD-4DF6-A31E-BE3420C836C4}.Release|Any CPU.Build.0 = Release|Any CPU
		{5FD451B8-F7AA-4463-BEAF-134BD96FA0D1}.Debug|Any CPU.ActiveCfg = Debug|Any CPU
		{5FD451B8-F7AA-4463-BEAF-134BD96FA0D1}.Debug|Any CPU.Build.0 = Debug|Any CPU
		{5FD451B8-F7AA-4463-BEAF-134BD96FA0D1}.Release|Any CPU.ActiveCfg = Release|Any CPU
		{5FD451B8-F7AA-4463-BEAF-134BD96FA0D1}.Release|Any CPU.Build.0 = Release|Any CPU
		{867E7588-E349-4C16-BD34-14CB633A9AB8}.Debug|Any CPU.ActiveCfg = Debug|Any CPU
		{867E7588-E349-4C16-BD34-14CB633A9AB8}.Debug|Any CPU.Build.0 = Debug|Any CPU
		{867E7588-E349-4C16-BD34-14CB633A9AB8}.Release|Any CPU.ActiveCfg = Release|Any CPU
		{867E7588-E349-4C16-BD34-14CB633A9AB8}.Release|Any CPU.Build.0 = Release|Any CPU
		{6B17333C-E790-4F27-A57C-80CBD49C5DCE}.Debug|Any CPU.ActiveCfg = Debug|Any CPU
		{6B17333C-E790-4F27-A57C-80CBD49C5DCE}.Debug|Any CPU.Build.0 = Debug|Any CPU
		{6B17333C-E790-4F27-A57C-80CBD49C5DCE}.Release|Any CPU.ActiveCfg = Release|Any CPU
		{6B17333C-E790-4F27-A57C-80CBD49C5DCE}.Release|Any CPU.Build.0 = Release|Any CPU
		{E4525E24-EDA9-4898-89CD-AE9D68D493D9}.Debug|Any CPU.ActiveCfg = Debug|Any CPU
		{E4525E24-EDA9-4898-89CD-AE9D68D493D9}.Debug|Any CPU.Build.0 = Debug|Any CPU
		{E4525E24-EDA9-4898-89CD-AE9D68D493D9}.Release|Any CPU.ActiveCfg = Release|Any CPU
		{E4525E24-EDA9-4898-89CD-AE9D68D493D9}.Release|Any CPU.Build.0 = Release|Any CPU
		{BAC98FB0-C19A-4D72-911D-C3DCE8B41FAA}.Debug|Any CPU.ActiveCfg = Debug|Any CPU
		{BAC98FB0-C19A-4D72-911D-C3DCE8B41FAA}.Debug|Any CPU.Build.0 = Debug|Any CPU
		{BAC98FB0-C19A-4D72-911D-C3DCE8B41FAA}.Release|Any CPU.ActiveCfg = Release|Any CPU
		{BAC98FB0-C19A-4D72-911D-C3DCE8B41FAA}.Release|Any CPU.Build.0 = Release|Any CPU
		{C01DEDBD-63E1-40FC-A821-9D414F87F859}.Debug|Any CPU.ActiveCfg = Debug|Any CPU
		{C01DEDBD-63E1-40FC-A821-9D414F87F859}.Debug|Any CPU.Build.0 = Debug|Any CPU
		{C01DEDBD-63E1-40FC-A821-9D414F87F859}.Release|Any CPU.ActiveCfg = Release|Any CPU
		{C01DEDBD-63E1-40FC-A821-9D414F87F859}.Release|Any CPU.Build.0 = Release|Any CPU
		{BB627044-EF35-42D4-9F76-2FB80D65CA56}.Debug|Any CPU.ActiveCfg = Debug|Any CPU
		{BB627044-EF35-42D4-9F76-2FB80D65CA56}.Debug|Any CPU.Build.0 = Debug|Any CPU
		{BB627044-EF35-42D4-9F76-2FB80D65CA56}.Release|Any CPU.ActiveCfg = Release|Any CPU
		{BB627044-EF35-42D4-9F76-2FB80D65CA56}.Release|Any CPU.Build.0 = Release|Any CPU
	EndGlobalSection
	GlobalSection(SolutionProperties) = preSolution
		HideSolutionNode = FALSE
	EndGlobalSection
	GlobalSection(NestedProjects) = preSolution
		{6DF74195-5030-4F3D-9726-9EAD2D2E44A4} = {6AF8126D-F21D-4D3E-8BF4-92007E706666}
		{990F6F06-0B77-4158-B5DF-7B230FD7621F} = {6AF8126D-F21D-4D3E-8BF4-92007E706666}
		{BF25E031-1FF8-41CD-B06F-CDD99ACB4935} = {6AF8126D-F21D-4D3E-8BF4-92007E706666}
		{7D6A690E-0F52-4F30-A300-59A0D1CE94F3} = {6AF8126D-F21D-4D3E-8BF4-92007E706666}
		{E06E2F8E-5E5C-493A-AEF0-988FB30178C3} = {990F6F06-0B77-4158-B5DF-7B230FD7621F}
		{46DB7AB5-32C3-493B-90A1-39808468224C} = {E06E2F8E-5E5C-493A-AEF0-988FB30178C3}
		{525E9A6F-BC9A-4533-8EF3-7B3B30F38392} = {990F6F06-0B77-4158-B5DF-7B230FD7621F}
		{8CC40807-9BE8-4E95-81F4-E54009A94B62} = {990F6F06-0B77-4158-B5DF-7B230FD7621F}
		{D063D7D4-06C3-42F8-AACB-40F5F8E74B10} = {990F6F06-0B77-4158-B5DF-7B230FD7621F}
		{115D90C9-5121-477D-BFD0-F1ABE6F69E87} = {D063D7D4-06C3-42F8-AACB-40F5F8E74B10}
		{C8B724ED-E3D4-485D-A48E-1D51E920099F} = {8CC40807-9BE8-4E95-81F4-E54009A94B62}
		{AA2EA67C-ED30-4211-A8B6-0E0E179CDD07} = {525E9A6F-BC9A-4533-8EF3-7B3B30F38392}
		{FF17346B-36B7-4128-A781-04A88FB2AF70} = {6AF8126D-F21D-4D3E-8BF4-92007E706666}
		{C476D07D-227B-4E48-8066-62E567AD6823} = {FF17346B-36B7-4128-A781-04A88FB2AF70}
		{E418AB97-689B-49A7-B2B1-45D964927DA2} = {525E9A6F-BC9A-4533-8EF3-7B3B30F38392}
		{81977D3F-F7D2-458E-AC6C-0FE70B388C95} = {990F6F06-0B77-4158-B5DF-7B230FD7621F}
		{CF88F1EC-40F8-4BDF-B16A-29E3A8982DA8} = {81977D3F-F7D2-458E-AC6C-0FE70B388C95}
		{395E805F-5E12-49E9-AD0B-7C41396EF1AC} = {FF17346B-36B7-4128-A781-04A88FB2AF70}
		{9C9223FA-153B-433D-9E93-7A311C513368} = {990F6F06-0B77-4158-B5DF-7B230FD7621F}
		{7328DF3C-B729-4D80-A488-6EDC422F3A24} = {9C9223FA-153B-433D-9E93-7A311C513368}
		{0A2B55B3-9064-4B4F-8F43-4ABD18C33237} = {BF25E031-1FF8-41CD-B06F-CDD99ACB4935}
		{AEC81B41-48CB-4EC7-96AB-6F9A95176909} = {BF25E031-1FF8-41CD-B06F-CDD99ACB4935}
		{F68115FB-CC09-45FE-9331-56293ECDAD86} = {BF25E031-1FF8-41CD-B06F-CDD99ACB4935}
		{8E3F3459-194C-4958-AE2B-76281107C790} = {BF25E031-1FF8-41CD-B06F-CDD99ACB4935}
		{89E04AEA-F359-4114-A1BE-FBE47FAE30BF} = {0A2B55B3-9064-4B4F-8F43-4ABD18C33237}
		{9898EE72-67B6-40FA-8B4F-2444880CF3E1} = {8E3F3459-194C-4958-AE2B-76281107C790}
		{B438CC96-DE9E-441F-873B-AFDE89866F7F} = {F68115FB-CC09-45FE-9331-56293ECDAD86}
		{203803F9-3259-4F61-B833-469FA7F8B242} = {AEC81B41-48CB-4EC7-96AB-6F9A95176909}
		{C5ACFD47-E89E-4F2F-809B-1AD4F642CF4E} = {7D6A690E-0F52-4F30-A300-59A0D1CE94F3}
		{BA42F027-F35D-461A-95C0-C662C395D239} = {7D6A690E-0F52-4F30-A300-59A0D1CE94F3}
		{AD071166-8014-4ED2-9664-7B67527064CA} = {7D6A690E-0F52-4F30-A300-59A0D1CE94F3}
		{E26EF2A8-1C2B-4D5E-9F2E-EDF9F7F49123} = {7D6A690E-0F52-4F30-A300-59A0D1CE94F3}
		{BDC34C6C-2F5C-451E-BCA4-987BE4213100} = {7D6A690E-0F52-4F30-A300-59A0D1CE94F3}
		{B954846B-64A7-47CA-9A07-73273BD09E43} = {E26EF2A8-1C2B-4D5E-9F2E-EDF9F7F49123}
		{20E611EB-E4FD-4DF6-A31E-BE3420C836C4} = {AEC81B41-48CB-4EC7-96AB-6F9A95176909}
		{5FD451B8-F7AA-4463-BEAF-134BD96FA0D1} = {C5ACFD47-E89E-4F2F-809B-1AD4F642CF4E}
		{867E7588-E349-4C16-BD34-14CB633A9AB8} = {BDC34C6C-2F5C-451E-BCA4-987BE4213100}
		{6B17333C-E790-4F27-A57C-80CBD49C5DCE} = {AD071166-8014-4ED2-9664-7B67527064CA}
		{E4525E24-EDA9-4898-89CD-AE9D68D493D9} = {BA42F027-F35D-461A-95C0-C662C395D239}
		{BAC98FB0-C19A-4D72-911D-C3DCE8B41FAA} = {BA42F027-F35D-461A-95C0-C662C395D239}
		{C01DEDBD-63E1-40FC-A821-9D414F87F859} = {BA42F027-F35D-461A-95C0-C662C395D239}
		{6B53BCF8-6CC4-42EE-94A5-87A7EE7B1982} = {990F6F06-0B77-4158-B5DF-7B230FD7621F}
		{BB627044-EF35-42D4-9F76-2FB80D65CA56} = {6B53BCF8-6CC4-42EE-94A5-87A7EE7B1982}
	EndGlobalSection
EndGlobal
